
Microsoft Visual Studio Solution File, Format Version 12.00
# Visual Studio Version 16
VisualStudioVersion = 16.0.29009.5
MinimumVisualStudioVersion = 10.0.40219.1
Project("{9A19103F-16F7-4668-BE54-9A1E7A4F7556}") = "LTRegistratorApi", "LTRegistratorApi\LTRegistratorApi.csproj", "{538E883A-1293-47DD-A615-D50166010C4E}"
EndProject
Project("{FAE04EC0-301F-11D3-BF4B-00C04F79EFBC}") = "LTRegistratorApi.Tests", "LTRegistratorApi.Tests\LTRegistratorApi.Tests.csproj", "{9639F2AD-8D62-40E0-BB51-75ED26F795D2}"
EndProject
Global
	GlobalSection(SolutionConfigurationPlatforms) = preSolution
		Debug|Any CPU = Debug|Any CPU
		Release|Any CPU = Release|Any CPU
	EndGlobalSection
	GlobalSection(ProjectConfigurationPlatforms) = postSolution
		{538E883A-1293-47DD-A615-D50166010C4E}.Debug|Any CPU.ActiveCfg = Debug|Any CPU
		{538E883A-1293-47DD-A615-D50166010C4E}.Debug|Any CPU.Build.0 = Debug|Any CPU
		{538E883A-1293-47DD-A615-D50166010C4E}.Release|Any CPU.ActiveCfg = Release|Any CPU
		{538E883A-1293-47DD-A615-D50166010C4E}.Release|Any CPU.Build.0 = Release|Any CPU
		{9639F2AD-8D62-40E0-BB51-75ED26F795D2}.Debug|Any CPU.ActiveCfg = Debug|Any CPU
		{9639F2AD-8D62-40E0-BB51-75ED26F795D2}.Debug|Any CPU.Build.0 = Debug|Any CPU
		{9639F2AD-8D62-40E0-BB51-75ED26F795D2}.Release|Any CPU.ActiveCfg = Release|Any CPU
		{9639F2AD-8D62-40E0-BB51-75ED26F795D2}.Release|Any CPU.Build.0 = Release|Any CPU
	EndGlobalSection
	GlobalSection(SolutionProperties) = preSolution
		HideSolutionNode = FALSE
	EndGlobalSection
	GlobalSection(ExtensibilityGlobals) = postSolution
		SolutionGuid = {8F03708E-278E-4FE2-8E86-886A9547D81A}
	EndGlobalSection
EndGlobal
